
Microsoft Visual Studio Solution File, Format Version 12.00
# Visual Studio Version 16
VisualStudioVersion = 16.0.31313.79
MinimumVisualStudioVersion = 10.0.40219.1
Project("{FAE04EC0-301F-11D3-BF4B-00C04F79EFBC}") = "TravelAgencyManagementSystem", "TravelAgencyManagementSystem.csproj", "{EB742350-C7E4-4030-AFF1-6938C0193A31}"
EndProject
Global
	GlobalSection(SolutionConfigurationPlatforms) = preSolution
		Debug|Any CPU = Debug|Any CPU
		Release|Any CPU = Release|Any CPU
	EndGlobalSection
	GlobalSection(ProjectConfigurationPlatforms) = postSolution
		{EB742350-C7E4-4030-AFF1-6938C0193A31}.Debug|Any CPU.ActiveCfg = Debug|Any CPU
		{EB742350-C7E4-4030-AFF1-6938C0193A31}.Debug|Any CPU.Build.0 = Debug|Any CPU
		{EB742350-C7E4-4030-AFF1-6938C0193A31}.Release|Any CPU.ActiveCfg = Release|Any CPU
		{EB742350-C7E4-4030-AFF1-6938C0193A31}.Release|Any CPU.Build.0 = Release|Any CPU
	EndGlobalSection
	GlobalSection(SolutionProperties) = preSolution
		HideSolutionNode = FALSE
	EndGlobalSection
	GlobalSection(ExtensibilityGlobals) = postSolution
		SolutionGuid = {9DDBC993-0882-4444-AE90-A2F93A45A7DA}
	EndGlobalSection
EndGlobal
